
Microsoft Visual Studio Solution File, Format Version 12.00
# Visual Studio 2013
VisualStudioVersion = 12.0.31101.0
MinimumVisualStudioVersion = 10.0.40219.1
Project("{FAE04EC0-301F-11D3-BF4B-00C04F79EFBC}") = "AntiCourFeed", "AntiCourFeed\AntiCourFeed.csproj", "{C7281A19-0500-461B-8052-AF24D07ABECD}"
EndProject
Global
	GlobalSection(SolutionConfigurationPlatforms) = preSolution
		Debug|Any CPU = Debug|Any CPU
		Release|Any CPU = Release|Any CPU
	EndGlobalSection
	GlobalSection(ProjectConfigurationPlatforms) = postSolution
		{C7281A19-0500-461B-8052-AF24D07ABECD}.Debug|Any CPU.ActiveCfg = Debug|Any CPU
		{C7281A19-0500-461B-8052-AF24D07ABECD}.Debug|Any CPU.Build.0 = Debug|Any CPU
		{C7281A19-0500-461B-8052-AF24D07ABECD}.Release|Any CPU.ActiveCfg = Release|Any CPU
		{C7281A19-0500-461B-8052-AF24D07ABECD}.Release|Any CPU.Build.0 = Release|Any CPU
	EndGlobalSection
	GlobalSection(SolutionProperties) = preSolution
		HideSolutionNode = FALSE
	EndGlobalSection
EndGlobal
