
Microsoft Visual Studio Solution File, Format Version 12.00
# Visual Studio 14
VisualStudioVersion = 14.0.25420.1
MinimumVisualStudioVersion = 10.0.40219.1
Project("{FAE04EC0-301F-11D3-BF4B-00C04F79EFBC}") = "ModifierVision", "ModifierVision.csproj", "{A59FB184-6428-44C8-BE06-CAB6DA9B2A7B}"
EndProject
Global
	GlobalSection(SolutionConfigurationPlatforms) = preSolution
		Debug|Any CPU = Debug|Any CPU
		Release|Any CPU = Release|Any CPU
	EndGlobalSection
	GlobalSection(ProjectConfigurationPlatforms) = postSolution
		{A59FB184-6428-44C8-BE06-CAB6DA9B2A7B}.Debug|Any CPU.ActiveCfg = Debug|Any CPU
		{A59FB184-6428-44C8-BE06-CAB6DA9B2A7B}.Debug|Any CPU.Build.0 = Debug|Any CPU
		{A59FB184-6428-44C8-BE06-CAB6DA9B2A7B}.Release|Any CPU.ActiveCfg = Release|Any CPU
		{A59FB184-6428-44C8-BE06-CAB6DA9B2A7B}.Release|Any CPU.Build.0 = Release|Any CPU
	EndGlobalSection
	GlobalSection(SolutionProperties) = preSolution
		HideSolutionNode = FALSE
	EndGlobalSection
EndGlobal
